
Microsoft Visual Studio Solution File, Format Version 12.00
# Visual Studio Version 17
VisualStudioVersion = 17.0.32014.148
MinimumVisualStudioVersion = 10.0.40219.1
Project("{9A19103F-16F7-4668-BE54-9A1E7A4F7556}") = "PrismTesztFeladat", "PrismTesztFeladat\PrismTesztFeladat.csproj", "{E42B7BA5-2EE1-4C7B-8390-E25DBEA2F0C3}"
EndProject
Project("{FAE04EC0-301F-11D3-BF4B-00C04F79EFBC}") = "ModuleA", "ModuleA\ModuleA.csproj", "{616ED3EB-6814-4329-A57A-F09764AAD471}"
EndProject
Global
	GlobalSection(SolutionConfigurationPlatforms) = preSolution
		Debug|Any CPU = Debug|Any CPU
		Release|Any CPU = Release|Any CPU
	EndGlobalSection
	GlobalSection(ProjectConfigurationPlatforms) = postSolution
		{E42B7BA5-2EE1-4C7B-8390-E25DBEA2F0C3}.Debug|Any CPU.ActiveCfg = Debug|Any CPU
		{E42B7BA5-2EE1-4C7B-8390-E25DBEA2F0C3}.Debug|Any CPU.Build.0 = Debug|Any CPU
		{E42B7BA5-2EE1-4C7B-8390-E25DBEA2F0C3}.Release|Any CPU.ActiveCfg = Release|Any CPU
		{E42B7BA5-2EE1-4C7B-8390-E25DBEA2F0C3}.Release|Any CPU.Build.0 = Release|Any CPU
		{616ED3EB-6814-4329-A57A-F09764AAD471}.Debug|Any CPU.ActiveCfg = Debug|Any CPU
		{616ED3EB-6814-4329-A57A-F09764AAD471}.Debug|Any CPU.Build.0 = Debug|Any CPU
		{616ED3EB-6814-4329-A57A-F09764AAD471}.Release|Any CPU.ActiveCfg = Release|Any CPU
		{616ED3EB-6814-4329-A57A-F09764AAD471}.Release|Any CPU.Build.0 = Release|Any CPU
	EndGlobalSection
	GlobalSection(SolutionProperties) = preSolution
		HideSolutionNode = FALSE
	EndGlobalSection
	GlobalSection(ExtensibilityGlobals) = postSolution
		SolutionGuid = {A87463CC-C691-4972-94C1-FD4FFF7FEC84}
	EndGlobalSection
EndGlobal
